
Microsoft Visual Studio Solution File, Format Version 12.00
# Visual Studio Version 17
VisualStudioVersion = 17.9.34723.18
MinimumVisualStudioVersion = 10.0.40219.1
Project("{FAE04EC0-301F-11D3-BF4B-00C04F79EFBC}") = "Auth", "Auth\Auth.csproj", "{ED444CB4-F49E-4F6D-8D67-E49B8C11E9F5}"
EndProject
Global
	GlobalSection(SolutionConfigurationPlatforms) = preSolution
		Debug|Any CPU = Debug|Any CPU
		Release|Any CPU = Release|Any CPU
	EndGlobalSection
	GlobalSection(ProjectConfigurationPlatforms) = postSolution
		{ED444CB4-F49E-4F6D-8D67-E49B8C11E9F5}.Debug|Any CPU.ActiveCfg = Debug|Any CPU
		{ED444CB4-F49E-4F6D-8D67-E49B8C11E9F5}.Debug|Any CPU.Build.0 = Debug|Any CPU
		{ED444CB4-F49E-4F6D-8D67-E49B8C11E9F5}.Release|Any CPU.ActiveCfg = Release|Any CPU
		{ED444CB4-F49E-4F6D-8D67-E49B8C11E9F5}.Release|Any CPU.Build.0 = Release|Any CPU
	EndGlobalSection
	GlobalSection(SolutionProperties) = preSolution
		HideSolutionNode = FALSE
	EndGlobalSection
	GlobalSection(ExtensibilityGlobals) = postSolution
		SolutionGuid = {9CF68244-DD4E-43C8-8392-DEDDDCF52835}
	EndGlobalSection
EndGlobal
